// !$*UTF8*$!
{
	archiveVersion = 1;
	classes = {
	};
	objectVersion = 55;
	objects = {

/* Begin PBXBuildFile section */
		6E19BEEA288A8231003132DA /* DetailVC.storyboard in Resources */ = {isa = PBXBuildFile; fileRef = 6E19BEE9288A8231003132DA /* DetailVC.storyboard */; };
		6E19BEEC288A827D003132DA /* DetailViewController.swift in Sources */ = {isa = PBXBuildFile; fileRef = 6E19BEEB288A827D003132DA /* DetailViewController.swift */; };
		6E3410C2288ECB4A00A76885 /* Extensions.swift in Sources */ = {isa = PBXBuildFile; fileRef = 6E3410C1288ECB4A00A76885 /* Extensions.swift */; };
		6E7E2596287EFA5100F15A9D /* AppDelegate.swift in Sources */ = {isa = PBXBuildFile; fileRef = 6E7E2595287EFA5100F15A9D /* AppDelegate.swift */; };
		6E7E2598287EFA5100F15A9D /* SceneDelegate.swift in Sources */ = {isa = PBXBuildFile; fileRef = 6E7E2597287EFA5100F15A9D /* SceneDelegate.swift */; };
		6E7E259A287EFA5100F15A9D /* ViewController.swift in Sources */ = {isa = PBXBuildFile; fileRef = 6E7E2599287EFA5100F15A9D /* ViewController.swift */; };
		6E7E259D287EFA5100F15A9D /* Main.storyboard in Resources */ = {isa = PBXBuildFile; fileRef = 6E7E259B287EFA5100F15A9D /* Main.storyboard */; };
		6E7E25A0287EFA5200F15A9D /* TestWorkSiberian3.xcdatamodeld in Sources */ = {isa = PBXBuildFile; fileRef = 6E7E259E287EFA5200F15A9D /* TestWorkSiberian3.xcdatamodeld */; };
		6E7E25A2287EFA5500F15A9D /* Assets.xcassets in Resources */ = {isa = PBXBuildFile; fileRef = 6E7E25A1287EFA5500F15A9D /* Assets.xcassets */; };
		6E7E25A5287EFA5500F15A9D /* LaunchScreen.storyboard in Resources */ = {isa = PBXBuildFile; fileRef = 6E7E25A3287EFA5500F15A9D /* LaunchScreen.storyboard */; };
		6E7E25AF287F161A00F15A9D /* SpeechToTextViewController.swift in Sources */ = {isa = PBXBuildFile; fileRef = 6E7E25AE287F161A00F15A9D /* SpeechToTextViewController.swift */; };
		6E9ABD3328851423006DC75D /* CollectionViewCell.swift in Sources */ = {isa = PBXBuildFile; fileRef = 6E9ABD3128851423006DC75D /* CollectionViewCell.swift */; };
		6E9ABD3428851423006DC75D /* CollectionViewCell.xib in Resources */ = {isa = PBXBuildFile; fileRef = 6E9ABD3228851423006DC75D /* CollectionViewCell.xib */; };
		6E9ABD382885254D006DC75D /* CollectionViewController.swift in Sources */ = {isa = PBXBuildFile; fileRef = 6E9ABD372885254D006DC75D /* CollectionViewController.swift */; };
		6ED815CE288669B000A07C2E /* Fruit.swift in Sources */ = {isa = PBXBuildFile; fileRef = 6ED815CD288669B000A07C2E /* Fruit.swift */; };
		6ED815D028866A1E00A07C2E /* FruitsProvider.swift in Sources */ = {isa = PBXBuildFile; fileRef = 6ED815CF28866A1E00A07C2E /* FruitsProvider.swift */; };
		6ED815D228866C0600A07C2E /* DefaultCollectionViewDelegate.swift in Sources */ = {isa = PBXBuildFile; fileRef = 6ED815D128866C0600A07C2E /* DefaultCollectionViewDelegate.swift */; };
		6ED815D628866D0200A07C2E /* TabledContentCollectionViewDelegate.swift in Sources */ = {isa = PBXBuildFile; fileRef = 6ED815D528866D0200A07C2E /* TabledContentCollectionViewDelegate.swift */; };
		6ED815D828866D5200A07C2E /* DefaultGriddedContentCollectionViewDelegate.swift in Sources */ = {isa = PBXBuildFile; fileRef = 6ED815D728866D5200A07C2E /* DefaultGriddedContentCollectionViewDelegate.swift */; };
		6ED815DA28866D9900A07C2E /* CustomGriddedContentCollectionViewDelegate.swift in Sources */ = {isa = PBXBuildFile; fileRef = 6ED815D928866D9900A07C2E /* CustomGriddedContentCollectionViewDelegate.swift */; };
		6EFD049A28814CD500452C9D /* ImagePickerViewController.swift in Sources */ = {isa = PBXBuildFile; fileRef = 6EFD049928814CD500452C9D /* ImagePickerViewController.swift */; };
		6EFD049E2881774400452C9D /* AlertService.swift in Sources */ = {isa = PBXBuildFile; fileRef = 6EFD049D2881774400452C9D /* AlertService.swift */; };
/* End PBXBuildFile section */

/* Begin PBXFileReference section */
		6E19BEE9288A8231003132DA /* DetailVC.storyboard */ = {isa = PBXFileReference; lastKnownFileType = file.storyboard; path = DetailVC.storyboard; sourceTree = "<group>"; };
		6E19BEEB288A827D003132DA /* DetailViewController.swift */ = {isa = PBXFileReference; lastKnownFileType = sourcecode.swift; path = DetailViewController.swift; sourceTree = "<group>"; };
		6E3410C1288ECB4A00A76885 /* Extensions.swift */ = {isa = PBXFileReference; lastKnownFileType = sourcecode.swift; path = Extensions.swift; sourceTree = "<group>"; };
		6E7E2592287EFA5100F15A9D /* TestWorkSiberian3.app */ = {isa = PBXFileReference; explicitFileType = wrapper.application; includeInIndex = 0; path = TestWorkSiberian3.app; sourceTree = BUILT_PRODUCTS_DIR; };
		6E7E2595287EFA5100F15A9D /* AppDelegate.swift */ = {isa = PBXFileReference; lastKnownFileType = sourcecode.swift; path = AppDelegate.swift; sourceTree = "<group>"; };
		6E7E2597287EFA5100F15A9D /* SceneDelegate.swift */ = {isa = PBXFileReference; lastKnownFileType = sourcecode.swift; path = SceneDelegate.swift; sourceTree = "<group>"; };
		6E7E2599287EFA5100F15A9D /* ViewController.swift */ = {isa = PBXFileReference; lastKnownFileType = sourcecode.swift; path = ViewController.swift; sourceTree = "<group>"; };
		6E7E259C287EFA5100F15A9D /* Base */ = {isa = PBXFileReference; lastKnownFileType = file.storyboard; name = Base; path = Base.lproj/Main.storyboard; sourceTree = "<group>"; };
		6E7E259F287EFA5200F15A9D /* TestWorkSiberian3.xcdatamodel */ = {isa = PBXFileReference; lastKnownFileType = wrapper.xcdatamodel; path = TestWorkSiberian3.xcdatamodel; sourceTree = "<group>"; };
		6E7E25A1287EFA5500F15A9D /* Assets.xcassets */ = {isa = PBXFileReference; lastKnownFileType = folder.assetcatalog; path = Assets.xcassets; sourceTree = "<group>"; };
		6E7E25A4287EFA5500F15A9D /* Base */ = {isa = PBXFileReference; lastKnownFileType = file.storyboard; name = Base; path = Base.lproj/LaunchScreen.storyboard; sourceTree = "<group>"; };
		6E7E25A6287EFA5500F15A9D /* Info.plist */ = {isa = PBXFileReference; lastKnownFileType = text.plist.xml; path = Info.plist; sourceTree = "<group>"; };
		6E7E25AE287F161A00F15A9D /* SpeechToTextViewController.swift */ = {isa = PBXFileReference; lastKnownFileType = sourcecode.swift; path = SpeechToTextViewController.swift; sourceTree = "<group>"; };
		6E9ABD3128851423006DC75D /* CollectionViewCell.swift */ = {isa = PBXFileReference; lastKnownFileType = sourcecode.swift; path = CollectionViewCell.swift; sourceTree = "<group>"; };
		6E9ABD3228851423006DC75D /* CollectionViewCell.xib */ = {isa = PBXFileReference; lastKnownFileType = file.xib; path = CollectionViewCell.xib; sourceTree = "<group>"; };
		6E9ABD372885254D006DC75D /* CollectionViewController.swift */ = {isa = PBXFileReference; lastKnownFileType = sourcecode.swift; path = CollectionViewController.swift; sourceTree = "<group>"; };
		6ED815CD288669B000A07C2E /* Fruit.swift */ = {isa = PBXFileReference; lastKnownFileType = sourcecode.swift; path = Fruit.swift; sourceTree = "<group>"; };
		6ED815CF28866A1E00A07C2E /* FruitsProvider.swift */ = {isa = PBXFileReference; lastKnownFileType = sourcecode.swift; path = FruitsProvider.swift; sourceTree = "<group>"; };
		6ED815D128866C0600A07C2E /* DefaultCollectionViewDelegate.swift */ = {isa = PBXFileReference; lastKnownFileType = sourcecode.swift; path = DefaultCollectionViewDelegate.swift; sourceTree = "<group>"; };
		6ED815D528866D0200A07C2E /* TabledContentCollectionViewDelegate.swift */ = {isa = PBXFileReference; lastKnownFileType = sourcecode.swift; path = TabledContentCollectionViewDelegate.swift; sourceTree = "<group>"; };
		6ED815D728866D5200A07C2E /* DefaultGriddedContentCollectionViewDelegate.swift */ = {isa = PBXFileReference; lastKnownFileType = sourcecode.swift; path = DefaultGriddedContentCollectionViewDelegate.swift; sourceTree = "<group>"; };
		6ED815D928866D9900A07C2E /* CustomGriddedContentCollectionViewDelegate.swift */ = {isa = PBXFileReference; lastKnownFileType = sourcecode.swift; path = CustomGriddedContentCollectionViewDelegate.swift; sourceTree = "<group>"; };
		6EFD049928814CD500452C9D /* ImagePickerViewController.swift */ = {isa = PBXFileReference; lastKnownFileType = sourcecode.swift; path = ImagePickerViewController.swift; sourceTree = "<group>"; };
		6EFD049D2881774400452C9D /* AlertService.swift */ = {isa = PBXFileReference; lastKnownFileType = sourcecode.swift; path = AlertService.swift; sourceTree = "<group>"; };
/* End PBXFileReference section */

/* Begin PBXFrameworksBuildPhase section */
		6E7E258F287EFA5100F15A9D /* Frameworks */ = {
			isa = PBXFrameworksBuildPhase;
			buildActionMask = 2147483647;
			files = (
			);
			runOnlyForDeploymentPostprocessing = 0;
		};
/* End PBXFrameworksBuildPhase section */

/* Begin PBXGroup section */
		6E3410C3288ED3E400A76885 /* Extensions */ = {
			isa = PBXGroup;
			children = (
				6E3410C1288ECB4A00A76885 /* Extensions.swift */,
			);
			path = Extensions;
			sourceTree = "<group>";
		};
		6E3410C4288ED40400A76885 /* Application */ = {
			isa = PBXGroup;
			children = (
				6EFD049D2881774400452C9D /* AlertService.swift */,
				6E7E2595287EFA5100F15A9D /* AppDelegate.swift */,
				6E7E2597287EFA5100F15A9D /* SceneDelegate.swift */,
			);
			path = Application;
			sourceTree = "<group>";
		};
		6E3410C5288ED4C800A76885 /* Flow */ = {
			isa = PBXGroup;
			children = (
				6E7E2599287EFA5100F15A9D /* ViewController.swift */,
				6E7E259B287EFA5100F15A9D /* Main.storyboard */,
				6E19BEEB288A827D003132DA /* DetailViewController.swift */,
				6E19BEE9288A8231003132DA /* DetailVC.storyboard */,
				6E9ABD3128851423006DC75D /* CollectionViewCell.swift */,
				6E9ABD372885254D006DC75D /* CollectionViewController.swift */,
				6E9ABD3228851423006DC75D /* CollectionViewCell.xib */,
				6EFD049928814CD500452C9D /* ImagePickerViewController.swift */,
				6E7E25AE287F161A00F15A9D /* SpeechToTextViewController.swift */,
			);
			path = Flow;
			sourceTree = "<group>";
		};
		6E3410C7288ED53500A76885 /* Resources */ = {
			isa = PBXGroup;
			children = (
				6E7E25A1287EFA5500F15A9D /* Assets.xcassets */,
			);
			path = Resources;
			sourceTree = "<group>";
		};
		6E7E2589287EFA5100F15A9D = {
			isa = PBXGroup;
			children = (
				6E7E2594287EFA5100F15A9D /* TestWorkSiberian3 */,
				6E7E2593287EFA5100F15A9D /* Products */,
			);
			sourceTree = "<group>";
		};
		6E7E2593287EFA5100F15A9D /* Products */ = {
			isa = PBXGroup;
			children = (
				6E7E2592287EFA5100F15A9D /* TestWorkSiberian3.app */,
			);
			name = Products;
			sourceTree = "<group>";
		};
		6E7E2594287EFA5100F15A9D /* TestWorkSiberian3 */ = {
			isa = PBXGroup;
			children = (
				6E3410C7288ED53500A76885 /* Resources */,
				6E3410C5288ED4C800A76885 /* Flow */,
				6ED815D328866CA300A07C2E /* Collection FlowLayouts */,
				6ED815D428866CC500A07C2E /* Entities */,
				6E3410C4288ED40400A76885 /* Application */,
				6E3410C3288ED3E400A76885 /* Extensions */,
				6E7E25A3287EFA5500F15A9D /* LaunchScreen.storyboard */,
				6E7E25A6287EFA5500F15A9D /* Info.plist */,
				6E7E259E287EFA5200F15A9D /* TestWorkSiberian3.xcdatamodeld */,
			);
			path = TestWorkSiberian3;
			sourceTree = "<group>";
		};
		6ED815D328866CA300A07C2E /* Collection FlowLayouts */ = {
			isa = PBXGroup;
			children = (
				6ED815D128866C0600A07C2E /* DefaultCollectionViewDelegate.swift */,
				6ED815D528866D0200A07C2E /* TabledContentCollectionViewDelegate.swift */,
				6ED815D728866D5200A07C2E /* DefaultGriddedContentCollectionViewDelegate.swift */,
				6ED815D928866D9900A07C2E /* CustomGriddedContentCollectionViewDelegate.swift */,
			);
			path = "Collection FlowLayouts";
			sourceTree = "<group>";
		};
		6ED815D428866CC500A07C2E /* Entities */ = {
			isa = PBXGroup;
			children = (
				6ED815CF28866A1E00A07C2E /* FruitsProvider.swift */,
				6ED815CD288669B000A07C2E /* Fruit.swift */,
			);
			path = Entities;
			sourceTree = "<group>";
		};
/* End PBXGroup section */

/* Begin PBXNativeTarget section */
		6E7E2591287EFA5100F15A9D /* TestWorkSiberian3 */ = {
			isa = PBXNativeTarget;
			buildConfigurationList = 6E7E25A9287EFA5500F15A9D /* Build configuration list for PBXNativeTarget "TestWorkSiberian3" */;
			buildPhases = (
				6E7E258E287EFA5100F15A9D /* Sources */,
				6E7E258F287EFA5100F15A9D /* Frameworks */,
				6E7E2590287EFA5100F15A9D /* Resources */,
			);
			buildRules = (
			);
			dependencies = (
			);
			name = TestWorkSiberian3;
			productName = TestWorkSiberian3;
			productReference = 6E7E2592287EFA5100F15A9D /* TestWorkSiberian3.app */;
			productType = "com.apple.product-type.application";
		};
/* End PBXNativeTarget section */

/* Begin PBXProject section */
		6E7E258A287EFA5100F15A9D /* Project object */ = {
			isa = PBXProject;
			attributes = {
				BuildIndependentTargetsInParallel = 1;
				LastSwiftUpdateCheck = 1310;
				LastUpgradeCheck = 1310;
				TargetAttributes = {
					6E7E2591287EFA5100F15A9D = {
						CreatedOnToolsVersion = 13.1;
					};
				};
			};
			buildConfigurationList = 6E7E258D287EFA5100F15A9D /* Build configuration list for PBXProject "TestWorkSiberian3" */;
			compatibilityVersion = "Xcode 13.0";
			developmentRegion = en;
			hasScannedForEncodings = 0;
			knownRegions = (
				en,
				Base,
			);
			mainGroup = 6E7E2589287EFA5100F15A9D;
			productRefGroup = 6E7E2593287EFA5100F15A9D /* Products */;
			projectDirPath = "";
			projectRoot = "";
			targets = (
				6E7E2591287EFA5100F15A9D /* TestWorkSiberian3 */,
			);
		};
/* End PBXProject section */

/* Begin PBXResourcesBuildPhase section */
		6E7E2590287EFA5100F15A9D /* Resources */ = {
			isa = PBXResourcesBuildPhase;
			buildActionMask = 2147483647;
			files = (
				6E19BEEA288A8231003132DA /* DetailVC.storyboard in Resources */,
				6E7E25A5287EFA5500F15A9D /* LaunchScreen.storyboard in Resources */,
				6E7E25A2287EFA5500F15A9D /* Assets.xcassets in Resources */,
				6E9ABD3428851423006DC75D /* CollectionViewCell.xib in Resources */,
				6E7E259D287EFA5100F15A9D /* Main.storyboard in Resources */,
			);
			runOnlyForDeploymentPostprocessing = 0;
		};
/* End PBXResourcesBuildPhase section */

/* Begin PBXSourcesBuildPhase section */
		6E7E258E287EFA5100F15A9D /* Sources */ = {
			isa = PBXSourcesBuildPhase;
			buildActionMask = 2147483647;
			files = (
				6ED815D028866A1E00A07C2E /* FruitsProvider.swift in Sources */,
				6ED815D828866D5200A07C2E /* DefaultGriddedContentCollectionViewDelegate.swift in Sources */,
				6ED815CE288669B000A07C2E /* Fruit.swift in Sources */,
				6E9ABD382885254D006DC75D /* CollectionViewController.swift in Sources */,
				6EFD049A28814CD500452C9D /* ImagePickerViewController.swift in Sources */,
				6E19BEEC288A827D003132DA /* DetailViewController.swift in Sources */,
				6ED815DA28866D9900A07C2E /* CustomGriddedContentCollectionViewDelegate.swift in Sources */,
				6E7E25AF287F161A00F15A9D /* SpeechToTextViewController.swift in Sources */,
				6E9ABD3328851423006DC75D /* CollectionViewCell.swift in Sources */,
				6ED815D628866D0200A07C2E /* TabledContentCollectionViewDelegate.swift in Sources */,
				6EFD049E2881774400452C9D /* AlertService.swift in Sources */,
				6E7E259A287EFA5100F15A9D /* ViewController.swift in Sources */,
				6E7E25A0287EFA5200F15A9D /* TestWorkSiberian3.xcdatamodeld in Sources */,
				6ED815D228866C0600A07C2E /* DefaultCollectionViewDelegate.swift in Sources */,
				6E3410C2288ECB4A00A76885 /* Extensions.swift in Sources */,
				6E7E2596287EFA5100F15A9D /* AppDelegate.swift in Sources */,
				6E7E2598287EFA5100F15A9D /* SceneDelegate.swift in Sources */,
			);
			runOnlyForDeploymentPostprocessing = 0;
		};
/* End PBXSourcesBuildPhase section */

/* Begin PBXVariantGroup section */
		6E7E259B287EFA5100F15A9D /* Main.storyboard */ = {
			isa = PBXVariantGroup;
			children = (
				6E7E259C287EFA5100F15A9D /* Base */,
			);
			name = Main.storyboard;
			sourceTree = "<group>";
		};
		6E7E25A3287EFA5500F15A9D /* LaunchScreen.storyboard */ = {
			isa = PBXVariantGroup;
			children = (
				6E7E25A4287EFA5500F15A9D /* Base */,
			);
			name = LaunchScreen.storyboard;
			sourceTree = "<group>";
		};
/* End PBXVariantGroup section */

/* Begin XCBuildConfiguration section */
		6E7E25A7287EFA5500F15A9D /* Debug */ = {
			isa = XCBuildConfiguration;
			buildSettings = {
				ALWAYS_SEARCH_USER_PATHS = NO;
				CLANG_ANALYZER_NONNULL = YES;
				CLANG_ANALYZER_NUMBER_OBJECT_CONVERSION = YES_AGGRESSIVE;
				CLANG_CXX_LANGUAGE_STANDARD = "gnu++17";
				CLANG_CXX_LIBRARY = "libc++";
				CLANG_ENABLE_MODULES = YES;
				CLANG_ENABLE_OBJC_ARC = YES;
				CLANG_ENABLE_OBJC_WEAK = YES;
				CLANG_WARN_BLOCK_CAPTURE_AUTORELEASING = YES;
				CLANG_WARN_BOOL_CONVERSION = YES;
				CLANG_WARN_COMMA = YES;
				CLANG_WARN_CONSTANT_CONVERSION = YES;
				CLANG_WARN_DEPRECATED_OBJC_IMPLEMENTATIONS = YES;
				CLANG_WARN_DIRECT_OBJC_ISA_USAGE = YES_ERROR;
				CLANG_WARN_DOCUMENTATION_COMMENTS = YES;
				CLANG_WARN_EMPTY_BODY = YES;
				CLANG_WARN_ENUM_CONVERSION = YES;
				CLANG_WARN_INFINITE_RECURSION = YES;
				CLANG_WARN_INT_CONVERSION = YES;
				CLANG_WARN_NON_LITERAL_NULL_CONVERSION = YES;
				CLANG_WARN_OBJC_IMPLICIT_RETAIN_SELF = YES;
				CLANG_WARN_OBJC_LITERAL_CONVERSION = YES;
				CLANG_WARN_OBJC_ROOT_CLASS = YES_ERROR;
				CLANG_WARN_QUOTED_INCLUDE_IN_FRAMEWORK_HEADER = YES;
				CLANG_WARN_RANGE_LOOP_ANALYSIS = YES;
				CLANG_WARN_STRICT_PROTOTYPES = YES;
				CLANG_WARN_SUSPICIOUS_MOVE = YES;
				CLANG_WARN_UNGUARDED_AVAILABILITY = YES_AGGRESSIVE;
				CLANG_WARN_UNREACHABLE_CODE = YES;
				CLANG_WARN__DUPLICATE_METHOD_MATCH = YES;
				COPY_PHASE_STRIP = NO;
				DEBUG_INFORMATION_FORMAT = dwarf;
				ENABLE_STRICT_OBJC_MSGSEND = YES;
				ENABLE_TESTABILITY = YES;
				GCC_C_LANGUAGE_STANDARD = gnu11;
				GCC_DYNAMIC_NO_PIC = NO;
				GCC_NO_COMMON_BLOCKS = YES;
				GCC_OPTIMIZATION_LEVEL = 0;
				GCC_PREPROCESSOR_DEFINITIONS = (
					"DEBUG=1",
					"$(inherited)",
				);
				GCC_WARN_64_TO_32_BIT_CONVERSION = YES;
				GCC_WARN_ABOUT_RETURN_TYPE = YES_ERROR;
				GCC_WARN_UNDECLARED_SELECTOR = YES;
				GCC_WARN_UNINITIALIZED_AUTOS = YES_AGGRESSIVE;
				GCC_WARN_UNUSED_FUNCTION = YES;
				GCC_WARN_UNUSED_VARIABLE = YES;
				IPHONEOS_DEPLOYMENT_TARGET = 15.0;
				MTL_ENABLE_DEBUG_INFO = INCLUDE_SOURCE;
				MTL_FAST_MATH = YES;
				ONLY_ACTIVE_ARCH = YES;
				SDKROOT = iphoneos;
				SWIFT_ACTIVE_COMPILATION_CONDITIONS = DEBUG;
				SWIFT_OPTIMIZATION_LEVEL = "-Onone";
			};
			name = Debug;
		};
		6E7E25A8287EFA5500F15A9D /* Release */ = {
			isa = XCBuildConfiguration;
			buildSettings = {
				ALWAYS_SEARCH_USER_PATHS = NO;
				CLANG_ANALYZER_NONNULL = YES;
				CLANG_ANALYZER_NUMBER_OBJECT_CONVERSION = YES_AGGRESSIVE;
				CLANG_CXX_LANGUAGE_STANDARD = "gnu++17";
				CLANG_CXX_LIBRARY = "libc++";
				CLANG_ENABLE_MODULES = YES;
				CLANG_ENABLE_OBJC_ARC = YES;
				CLANG_ENABLE_OBJC_WEAK = YES;
				CLANG_WARN_BLOCK_CAPTURE_AUTORELEASING = YES;
				CLANG_WARN_BOOL_CONVERSION = YES;
				CLANG_WARN_COMMA = YES;
				CLANG_WARN_CONSTANT_CONVERSION = YES;
				CLANG_WARN_DEPRECATED_OBJC_IMPLEMENTATIONS = YES;
				CLANG_WARN_DIRECT_OBJC_ISA_USAGE = YES_ERROR;
				CLANG_WARN_DOCUMENTATION_COMMENTS = YES;
				CLANG_WARN_EMPTY_BODY = YES;
				CLANG_WARN_ENUM_CONVERSION = YES;
				CLANG_WARN_INFINITE_RECURSION = YES;
				CLANG_WARN_INT_CONVERSION = YES;
				CLANG_WARN_NON_LITERAL_NULL_CONVERSION = YES;
				CLANG_WARN_OBJC_IMPLICIT_RETAIN_SELF = YES;
				CLANG_WARN_OBJC_LITERAL_CONVERSION = YES;
				CLANG_WARN_OBJC_ROOT_CLASS = YES_ERROR;
				CLANG_WARN_QUOTED_INCLUDE_IN_FRAMEWORK_HEADER = YES;
				CLANG_WARN_RANGE_LOOP_ANALYSIS = YES;
				CLANG_WARN_STRICT_PROTOTYPES = YES;
				CLANG_WARN_SUSPICIOUS_MOVE = YES;
				CLANG_WARN_UNGUARDED_AVAILABILITY = YES_AGGRESSIVE;
				CLANG_WARN_UNREACHABLE_CODE = YES;
				CLANG_WARN__DUPLICATE_METHOD_MATCH = YES;
				COPY_PHASE_STRIP = NO;
				DEBUG_INFORMATION_FORMAT = "dwarf-with-dsym";
				ENABLE_NS_ASSERTIONS = NO;
				ENABLE_STRICT_OBJC_MSGSEND = YES;
				GCC_C_LANGUAGE_STANDARD = gnu11;
				GCC_NO_COMMON_BLOCKS = YES;
				GCC_WARN_64_TO_32_BIT_CONVERSION = YES;
				GCC_WARN_ABOUT_RETURN_TYPE = YES_ERROR;
				GCC_WARN_UNDECLARED_SELECTOR = YES;
				GCC_WARN_UNINITIALIZED_AUTOS = YES_AGGRESSIVE;
				GCC_WARN_UNUSED_FUNCTION = YES;
				GCC_WARN_UNUSED_VARIABLE = YES;
				IPHONEOS_DEPLOYMENT_TARGET = 15.0;
				MTL_ENABLE_DEBUG_INFO = NO;
				MTL_FAST_MATH = YES;
				SDKROOT = iphoneos;
				SWIFT_COMPILATION_MODE = wholemodule;
				SWIFT_OPTIMIZATION_LEVEL = "-O";
				VALIDATE_PRODUCT = YES;
			};
			name = Release;
		};
		6E7E25AA287EFA5500F15A9D /* Debug */ = {
			isa = XCBuildConfiguration;
			buildSettings = {
				ASSETCATALOG_COMPILER_APPICON_NAME = AppIcon;
				ASSETCATALOG_COMPILER_GLOBAL_ACCENT_COLOR_NAME = AccentColor;
				CODE_SIGN_STYLE = Automatic;
				CURRENT_PROJECT_VERSION = 1;
				DEVELOPMENT_TEAM = 24V4JASVX3;
				GENERATE_INFOPLIST_FILE = YES;
				INFOPLIST_FILE = TestWorkSiberian3/Info.plist;
				INFOPLIST_KEY_UIApplicationSupportsIndirectInputEvents = YES;
				INFOPLIST_KEY_UILaunchStoryboardName = LaunchScreen;
				INFOPLIST_KEY_UIMainStoryboardFile = Main;
				INFOPLIST_KEY_UISupportedInterfaceOrientations_iPad = "UIInterfaceOrientationPortrait UIInterfaceOrientationPortraitUpsideDown UIInterfaceOrientationLandscapeLeft UIInterfaceOrientationLandscapeRight";
				INFOPLIST_KEY_UISupportedInterfaceOrientations_iPhone = "UIInterfaceOrientationPortrait UIInterfaceOrientationLandscapeLeft UIInterfaceOrientationLandscapeRight";
				LD_RUNPATH_SEARCH_PATHS = (
					"$(inherited)",
					"@executable_path/Frameworks",
				);
				MARKETING_VERSION = 1.0;
				PRODUCT_BUNDLE_IDENTIFIER = com.eugeneKodzila.TestWorkSiberian3;
				PRODUCT_NAME = "$(TARGET_NAME)";
				SWIFT_EMIT_LOC_STRINGS = YES;
				SWIFT_VERSION = 5.0;
				TARGETED_DEVICE_FAMILY = "1,2";
			};
			name = Debug;
		};
		6E7E25AB287EFA5500F15A9D /* Release */ = {
			isa = XCBuildConfiguration;
			buildSettings = {
				ASSETCATALOG_COMPILER_APPICON_NAME = AppIcon;
				ASSETCATALOG_COMPILER_GLOBAL_ACCENT_COLOR_NAME = AccentColor;
				CODE_SIGN_STYLE = Automatic;
				CURRENT_PROJECT_VERSION = 1;
				DEVELOPMENT_TEAM = 24V4JASVX3;
				GENERATE_INFOPLIST_FILE = YES;
				INFOPLIST_FILE = TestWorkSiberian3/Info.plist;
				INFOPLIST_KEY_UIApplicationSupportsIndirectInputEvents = YES;
				INFOPLIST_KEY_UILaunchStoryboardName = LaunchScreen;
				INFOPLIST_KEY_UIMainStoryboardFile = Main;
				INFOPLIST_KEY_UISupportedInterfaceOrientations_iPad = "UIInterfaceOrientationPortrait UIInterfaceOrientationPortraitUpsideDown UIInterfaceOrientationLandscapeLeft UIInterfaceOrientationLandscapeRight";
				INFOPLIST_KEY_UISupportedInterfaceOrientations_iPhone = "UIInterfaceOrientationPortrait UIInterfaceOrientationLandscapeLeft UIInterfaceOrientationLandscapeRight";
				LD_RUNPATH_SEARCH_PATHS = (
					"$(inherited)",
					"@executable_path/Frameworks",
				);
				MARKETING_VERSION = 1.0;
				PRODUCT_BUNDLE_IDENTIFIER = com.eugeneKodzila.TestWorkSiberian3;
				PRODUCT_NAME = "$(TARGET_NAME)";
				SWIFT_EMIT_LOC_STRINGS = YES;
				SWIFT_VERSION = 5.0;
				TARGETED_DEVICE_FAMILY = "1,2";
			};
			name = Release;
		};
/* End XCBuildConfiguration section */

/* Begin XCConfigurationList section */
		6E7E258D287EFA5100F15A9D /* Build configuration list for PBXProject "TestWorkSiberian3" */ = {
			isa = XCConfigurationList;
			buildConfigurations = (
				6E7E25A7287EFA5500F15A9D /* Debug */,
				6E7E25A8287EFA5500F15A9D /* Release */,
			);
			defaultConfigurationIsVisible = 0;
			defaultConfigurationName = Release;
		};
		6E7E25A9287EFA5500F15A9D /* Build configuration list for PBXNativeTarget "TestWorkSiberian3" */ = {
			isa = XCConfigurationList;
			buildConfigurations = (
				6E7E25AA287EFA5500F15A9D /* Debug */,
				6E7E25AB287EFA5500F15A9D /* Release */,
			);
			defaultConfigurationIsVisible = 0;
			defaultConfigurationName = Release;
		};
/* End XCConfigurationList section */

/* Begin XCVersionGroup section */
		6E7E259E287EFA5200F15A9D /* TestWorkSiberian3.xcdatamodeld */ = {
			isa = XCVersionGroup;
			children = (
				6E7E259F287EFA5200F15A9D /* TestWorkSiberian3.xcdatamodel */,
			);
			currentVersion = 6E7E259F287EFA5200F15A9D /* TestWorkSiberian3.xcdatamodel */;
			path = TestWorkSiberian3.xcdatamodeld;
			sourceTree = "<group>";
			versionGroupType = wrapper.xcdatamodel;
		};
/* End XCVersionGroup section */
	};
	rootObject = 6E7E258A287EFA5100F15A9D /* Project object */;
}
